{
  "name": "chat-web",
  "version": "1.0.0",
  "lockfileVersion": 3,
  "requires": true,
  "packages": {
    "": {
      "name": "chat-web",
      "version": "1.0.0",
      "license": "ISC",
      "dependencies": {
        "@trufflehq/sdk": "^0.1.2"
      }
    },
    "node_modules/@trufflehq/sdk": {
      "version": "0.1.2",
      "resolved": "https://registry.npmjs.org/@trufflehq/sdk/-/sdk-0.1.2.tgz",
      "integrity": "sha512-8TyAmpWw2SMIUcl2s5ygDjvZNvEdiUSMshCBG+zRZQO3l1RNQsn/3kDp0CUiOnehwXEGtKVFaCN+TT0ltc/7Qw==",
      "dependencies": {
        "@trufflehq/transframe": "^0.0.21",
        "@urql/core": "^3.1.1",
        "@urql/exchange-auth": "^1.0.0",
        "graphql": "^16.6.0",
        "wonka": "^6.1.2"
      }
    },
    "node_modules/@trufflehq/transframe": {
      "version": "0.0.21",
      "resolved": "https://registry.npmjs.org/@trufflehq/transframe/-/transframe-0.0.21.tgz",
      "integrity": "sha512-mcl2YhknoV9ljGTu/+AV8kt58MdFC91LmbXrdhy4v12beSOA2lNdFtW2k2ZGW8KtUzNqyUp738yHxTBf/P/vig==",
      "peerDependencies": {
        "webextension-polyfill": "^0.10.0"
      },
      "peerDependenciesMeta": {
        "webextension-polyfill": {
          "optional": true
        }
      }
    },
    "node_modules/@urql/core": {
      "version": "3.2.2",
      "resolved": "https://registry.npmjs.org/@urql/core/-/core-3.2.2.tgz",
      "integrity": "sha512-i046Cz8cZ4xIzGMTyHZrbdgzcFMcKD7+yhCAH5FwWBRjcKrc+RjEOuR9X5AMuBvr8c6IAaE92xAqa4wmlGfWTQ==",
      "dependencies": {
        "wonka": "^6.1.2"
      },
      "peerDependencies": {
        "graphql": "^0.11.0 || ^0.12.0 || ^0.13.0 || ^14.0.0 || ^15.0.0 || ^16.0.0"
      }
    },
    "node_modules/@urql/exchange-auth": {
      "version": "1.0.0",
      "resolved": "https://registry.npmjs.org/@urql/exchange-auth/-/exchange-auth-1.0.0.tgz",
      "integrity": "sha512-79hqPQab+ifeINOxvQykvqub4ixWHBEIagN4U67ijcHGMfp3c4yEWRk4IJMPwF+OMT7LrRFuv+jRIZTQn/9VwQ==",
      "dependencies": {
        "@urql/core": ">=3.0.0",
        "wonka": "^6.0.0"
      },
      "peerDependencies": {
        "graphql": "^0.11.0 || ^0.12.0 || ^0.13.0 || ^14.0.0 || ^15.0.0 || ^16.0.0"
      }
    },
    "node_modules/graphql": {
      "version": "16.6.0",
      "resolved": "https://registry.npmjs.org/graphql/-/graphql-16.6.0.tgz",
      "integrity": "sha512-KPIBPDlW7NxrbT/eh4qPXz5FiFdL5UbaA0XUNz2Rp3Z3hqBSkbj0GVjwFDztsWVauZUWsbKHgMg++sk8UX0bkw==",
      "engines": {
        "node": "^12.22.0 || ^14.16.0 || ^16.0.0 || >=17.0.0"
      }
    },
    "node_modules/wonka": {
      "version": "6.3.1",
      "resolved": "https://registry.npmjs.org/wonka/-/wonka-6.3.1.tgz",
      "integrity": "sha512-nJyGPcjuBiaLFn8QAlrHd+QjV9AlPO7snOWAhgx6aX0nQLMV6Wi0nqfrkmsXIH0efngbDOroOz2QyLnZMF16Hw=="
    }
  }
}
